
Microsoft Visual Studio Solution File, Format Version 12.00
# TcXaeShell Solution File, Format Version 11.00
VisualStudioVersion = 17.10.35827.194
MinimumVisualStudioVersion = 10.0.40219.1
Project("{FD9F1D59-E000-42F3-8744-88DE1BE93C06}") = "ATS_Scope", "ATS_Scope.tcmproj", "{867AAC91-2E5E-46DF-B5C1-5F7CF701266B}"
EndProject
Global
	GlobalSection(SolutionConfigurationPlatforms) = preSolution
		Debug|TwinCAT CE7 (ARMV7) = Debug|TwinCAT CE7 (ARMV7)
		Debug|TwinCAT OS (ARMT2) = Debug|TwinCAT OS (ARMT2)
		Debug|TwinCAT OS (x64) = Debug|TwinCAT OS (x64)
		Debug|TwinCAT RT (x64) = Debug|TwinCAT RT (x64)
		Debug|TwinCAT RT (x86) = Debug|TwinCAT RT (x86)
		Release|TwinCAT CE7 (ARMV7) = Release|TwinCAT CE7 (ARMV7)
		Release|TwinCAT OS (ARMT2) = Release|TwinCAT OS (ARMT2)
		Release|TwinCAT OS (x64) = Release|TwinCAT OS (x64)
		Release|TwinCAT RT (x64) = Release|TwinCAT RT (x64)
		Release|TwinCAT RT (x86) = Release|TwinCAT RT (x86)
	EndGlobalSection
	GlobalSection(ProjectConfigurationPlatforms) = postSolution
		{867AAC91-2E5E-46DF-B5C1-5F7CF701266B}.Debug|TwinCAT CE7 (ARMV7).ActiveCfg = Debug|TwinCAT CE7 (ARMV7)
		{867AAC91-2E5E-46DF-B5C1-5F7CF701266B}.Debug|TwinCAT OS (ARMT2).ActiveCfg = Debug|TwinCAT OS (ARMT2)
		{867AAC91-2E5E-46DF-B5C1-5F7CF701266B}.Debug|TwinCAT OS (x64).ActiveCfg = Debug|TwinCAT OS (x64)
		{867AAC91-2E5E-46DF-B5C1-5F7CF701266B}.Debug|TwinCAT RT (x64).ActiveCfg = Debug|TwinCAT RT (x64)
		{867AAC91-2E5E-46DF-B5C1-5F7CF701266B}.Debug|TwinCAT RT (x86).ActiveCfg = Debug|TwinCAT RT (x86)
		{867AAC91-2E5E-46DF-B5C1-5F7CF701266B}.Release|TwinCAT CE7 (ARMV7).ActiveCfg = Release|TwinCAT CE7 (ARMV7)
		{867AAC91-2E5E-46DF-B5C1-5F7CF701266B}.Release|TwinCAT OS (ARMT2).ActiveCfg = Release|TwinCAT OS (ARMT2)
		{867AAC91-2E5E-46DF-B5C1-5F7CF701266B}.Release|TwinCAT OS (x64).ActiveCfg = Release|TwinCAT OS (x64)
		{867AAC91-2E5E-46DF-B5C1-5F7CF701266B}.Release|TwinCAT RT (x64).ActiveCfg = Release|TwinCAT RT (x64)
		{867AAC91-2E5E-46DF-B5C1-5F7CF701266B}.Release|TwinCAT RT (x86).ActiveCfg = Release|TwinCAT RT (x86)
	EndGlobalSection
	GlobalSection(SolutionProperties) = preSolution
		HideSolutionNode = FALSE
	EndGlobalSection
	GlobalSection(ExtensibilityGlobals) = postSolution
		SolutionGuid = {0730C978-FDD7-485C-ACA5-0D69934FE4B2}
	EndGlobalSection
EndGlobal
